github.com/atotto/clipboard v0.1.4 h1:EH0zSVneZPSuFR11BlR9YppQTVDbh5+16AmcJi4g1z4=
github.com/atotto/clipboard v0.1.4/go.mod h1:ZY9tmq7sm5xIbd9bOK4onWV4S6X0u6GY7Vn0Yu86PYI=
github.com/skillian/argparse v0.0.0-20220329092431-5b00f5285c1e h1:N0hk79zzildatBHOdy17HOGpSgq6IaKEFy7foyT/Azs=
github.com/skillian/argparse v0.0.0-20220329092431-5b00f5285c1e/go.mod h1:3ohnak5Jxr+2CoKxHk9XErG3DqmBO0+4SHUy1Z29c6A=
github.com/skillian/errors v0.0.0-20190910214200-f19f31b303bd/go.mod h1:CL0Om+OM8cojqqD6QFte4PFCOS/aJKmdTT7ydYfA43I=
github.com/skillian/errors v0.0.0-20220617152528-c0cc06767f86 h1:tA2LteUc42LeIacvq9NIX8SzItR01YsvZ9w2O7uFEq4=
github.com/skillian/errors v0.0.0-20220617152528-c0cc06767f86/go.mod h1:kX8qF4s/RSAES+rX81X5QRoMExJ7V2rdoWyF9wjNoJg=
github.com/skillian/logging v0.0.0-20210406222847-057884e2cfcc h1:JmFbqluLJ7lgPl9Z1TapvRfe5755Gd7Vofp0NQ8xmvI=
github.com/skillian/logging v0.0.0-20210406222847-057884e2cfcc/go.mod h1:MxKXgvk9U5UDmT8/EoMuCS/cyzbN63imvi8t2tV/Tbw=
github.com/skillian/textwrap v0.0.0-20190707153458-15c7ee8d44ed h1:xhCPmqeLR4IjYWdWs+VIzr31yafTBIXNI4Lc7L80K4Q=
github.com/skillian/textwrap v0.0.0-20190707153458-15c7ee8d44ed/go.mod h1:t2cRD2QQ88ZnCRMNPMwH80Y3GgNOMhrcfjIXnfzolAM=
